// !$*UTF8*$!
{
	archiveVersion = 1;
	classes = {
	};
	objectVersion = 55;
	objects = {

/* Begin PBXBuildFile section */
		6ABB369229DE909C000961B3 /* init.c in Sources */ = {isa = PBXBuildFile; fileRef = 6ABB369129DE909C000961B3 /* init.c */; };
		6ABB36B329DE9A4C000961B3 /* e2fsmac.h in Headers */ = {isa = PBXBuildFile; fileRef = 6ABB36B229DE9A4C000961B3 /* e2fsmac.h */; };
		6ABB36B529DF0EB2000961B3 /* malloc.c in Sources */ = {isa = PBXBuildFile; fileRef = 6ABB36B429DF0EB2000961B3 /* malloc.c */; };
		6ABB378629DF38B7000961B3 /* vfsops.c in Sources */ = {isa = PBXBuildFile; fileRef = 6ABB378529DF38B7000961B3 /* vfsops.c */; };
		6ABB378829DF458B000961B3 /* vnops.c in Sources */ = {isa = PBXBuildFile; fileRef = 6ABB378729DF458B000961B3 /* vnops.c */; };
		CE7C9C9F29DFD33F00302FB1 /* main.c in Sources */ = {isa = PBXBuildFile; fileRef = CE7C9C9E29DFD33F00302FB1 /* main.c */; };
		CE7C9CA429DFD4E800302FB1 /* ext2_args.h in Headers */ = {isa = PBXBuildFile; fileRef = CE7C9CA329DFD4E800302FB1 /* ext2_args.h */; };
		CEA453F329E1255300699A26 /* ext2_ext_attr.h in Headers */ = {isa = PBXBuildFile; fileRef = CEA453E629E1255100699A26 /* ext2_ext_attr.h */; };
		CEA453F429E1255300699A26 /* config.h in Headers */ = {isa = PBXBuildFile; fileRef = CEA453E729E1255100699A26 /* config.h */; };
		CEA453F529E1255300699A26 /* hashmap.h in Headers */ = {isa = PBXBuildFile; fileRef = CEA453E829E1255100699A26 /* hashmap.h */; };
		CEA453F629E1255300699A26 /* ext2_io.h in Headers */ = {isa = PBXBuildFile; fileRef = CEA453E929E1255100699A26 /* ext2_io.h */; };
		CEA453F729E1255300699A26 /* ext2_err.h in Headers */ = {isa = PBXBuildFile; fileRef = CEA453EA29E1255200699A26 /* ext2_err.h */; };
		CEA453F829E1255300699A26 /* ext2_types.h in Headers */ = {isa = PBXBuildFile; fileRef = CEA453EB29E1255200699A26 /* ext2_types.h */; };
		CEA453F929E1255300699A26 /* ext3_extents.h in Headers */ = {isa = PBXBuildFile; fileRef = CEA453EC29E1255200699A26 /* ext3_extents.h */; };
		CEA453FA29E1255300699A26 /* com_err.h in Headers */ = {isa = PBXBuildFile; fileRef = CEA453ED29E1255200699A26 /* com_err.h */; };
		CEA453FB29E1255300699A26 /* bitops.h in Headers */ = {isa = PBXBuildFile; fileRef = CEA453EE29E1255200699A26 /* bitops.h */; };
		CEA453FC29E1255300699A26 /* dirpaths.h in Headers */ = {isa = PBXBuildFile; fileRef = CEA453EF29E1255200699A26 /* dirpaths.h */; };
		CEA453FD29E1255300699A26 /* ext2_fs.h in Headers */ = {isa = PBXBuildFile; fileRef = CEA453F029E1255300699A26 /* ext2_fs.h */; };
		CEA453FE29E1255300699A26 /* ext2fsP.h in Headers */ = {isa = PBXBuildFile; fileRef = CEA453F129E1255300699A26 /* ext2fsP.h */; };
		CEA453FF29E1255300699A26 /* ext2fs.h in Headers */ = {isa = PBXBuildFile; fileRef = CEA453F229E1255300699A26 /* ext2fs.h */; };
/* End PBXBuildFile section */

/* Begin PBXCopyFilesBuildPhase section */
		CE7C9C9A29DFD33E00302FB1 /* CopyFiles */ = {
			isa = PBXCopyFilesBuildPhase;
			buildActionMask = 2147483647;
			dstPath = /usr/share/man/man1/;
			dstSubfolderSpec = 0;
			files = (
			);
			runOnlyForDeploymentPostprocessing = 1;
		};
/* End PBXCopyFilesBuildPhase section */

/* Begin PBXFileReference section */
		6ABB368E29DE909C000961B3 /* e2fsmac.kext */ = {isa = PBXFileReference; explicitFileType = wrapper.cfbundle; includeInIndex = 0; path = e2fsmac.kext; sourceTree = BUILT_PRODUCTS_DIR; };
		6ABB369129DE909C000961B3 /* init.c */ = {isa = PBXFileReference; lastKnownFileType = sourcecode.c.c; path = init.c; sourceTree = "<group>"; };
		6ABB369329DE909C000961B3 /* Info.plist */ = {isa = PBXFileReference; lastKnownFileType = text.plist.xml; path = Info.plist; sourceTree = "<group>"; };
		6ABB36B229DE9A4C000961B3 /* e2fsmac.h */ = {isa = PBXFileReference; lastKnownFileType = sourcecode.c.h; path = e2fsmac.h; sourceTree = "<group>"; };
		6ABB36B429DF0EB2000961B3 /* malloc.c */ = {isa = PBXFileReference; lastKnownFileType = sourcecode.c.c; path = malloc.c; sourceTree = "<group>"; };
		6ABB378529DF38B7000961B3 /* vfsops.c */ = {isa = PBXFileReference; lastKnownFileType = sourcecode.c.c; path = vfsops.c; sourceTree = "<group>"; };
		6ABB378729DF458B000961B3 /* vnops.c */ = {isa = PBXFileReference; lastKnownFileType = sourcecode.c.c; path = vnops.c; sourceTree = "<group>"; };
		CE7C9C9C29DFD33E00302FB1 /* mount_ext2 */ = {isa = PBXFileReference; explicitFileType = "compiled.mach-o.executable"; includeInIndex = 0; path = mount_ext2; sourceTree = BUILT_PRODUCTS_DIR; };
		CE7C9C9E29DFD33F00302FB1 /* main.c */ = {isa = PBXFileReference; lastKnownFileType = sourcecode.c.c; path = main.c; sourceTree = "<group>"; };
		CE7C9CA329DFD4E800302FB1 /* ext2_args.h */ = {isa = PBXFileReference; lastKnownFileType = sourcecode.c.h; path = ext2_args.h; sourceTree = "<group>"; };
		CEA453E629E1255100699A26 /* ext2_ext_attr.h */ = {isa = PBXFileReference; fileEncoding = 4; lastKnownFileType = sourcecode.c.h; path = ext2_ext_attr.h; sourceTree = "<group>"; };
		CEA453E729E1255100699A26 /* config.h */ = {isa = PBXFileReference; fileEncoding = 4; lastKnownFileType = sourcecode.c.h; path = config.h; sourceTree = "<group>"; };
		CEA453E829E1255100699A26 /* hashmap.h */ = {isa = PBXFileReference; fileEncoding = 4; lastKnownFileType = sourcecode.c.h; path = hashmap.h; sourceTree = "<group>"; };
		CEA453E929E1255100699A26 /* ext2_io.h */ = {isa = PBXFileReference; fileEncoding = 4; lastKnownFileType = sourcecode.c.h; path = ext2_io.h; sourceTree = "<group>"; };
		CEA453EA29E1255200699A26 /* ext2_err.h */ = {isa = PBXFileReference; fileEncoding = 4; lastKnownFileType = sourcecode.c.h; path = ext2_err.h; sourceTree = "<group>"; };
		CEA453EB29E1255200699A26 /* ext2_types.h */ = {isa = PBXFileReference; fileEncoding = 4; lastKnownFileType = sourcecode.c.h; path = ext2_types.h; sourceTree = "<group>"; };
		CEA453EC29E1255200699A26 /* ext3_extents.h */ = {isa = PBXFileReference; fileEncoding = 4; lastKnownFileType = sourcecode.c.h; path = ext3_extents.h; sourceTree = "<group>"; };
		CEA453ED29E1255200699A26 /* com_err.h */ = {isa = PBXFileReference; fileEncoding = 4; lastKnownFileType = sourcecode.c.h; path = com_err.h; sourceTree = "<group>"; };
		CEA453EE29E1255200699A26 /* bitops.h */ = {isa = PBXFileReference; fileEncoding = 4; lastKnownFileType = sourcecode.c.h; path = bitops.h; sourceTree = "<group>"; };
		CEA453EF29E1255200699A26 /* dirpaths.h */ = {isa = PBXFileReference; fileEncoding = 4; lastKnownFileType = sourcecode.c.h; path = dirpaths.h; sourceTree = "<group>"; };
		CEA453F029E1255300699A26 /* ext2_fs.h */ = {isa = PBXFileReference; fileEncoding = 4; lastKnownFileType = sourcecode.c.h; path = ext2_fs.h; sourceTree = "<group>"; };
		CEA453F129E1255300699A26 /* ext2fsP.h */ = {isa = PBXFileReference; fileEncoding = 4; lastKnownFileType = sourcecode.c.h; path = ext2fsP.h; sourceTree = "<group>"; };
		CEA453F229E1255300699A26 /* ext2fs.h */ = {isa = PBXFileReference; fileEncoding = 4; lastKnownFileType = sourcecode.c.h; path = ext2fs.h; sourceTree = "<group>"; };
/* End PBXFileReference section */

/* Begin PBXFrameworksBuildPhase section */
		6ABB368B29DE909C000961B3 /* Frameworks */ = {
			isa = PBXFrameworksBuildPhase;
			buildActionMask = 2147483647;
			files = (
			);
			runOnlyForDeploymentPostprocessing = 0;
		};
		CE7C9C9929DFD33E00302FB1 /* Frameworks */ = {
			isa = PBXFrameworksBuildPhase;
			buildActionMask = 2147483647;
			files = (
			);
			runOnlyForDeploymentPostprocessing = 0;
		};
/* End PBXFrameworksBuildPhase section */

/* Begin PBXGroup section */
		6ABB368429DE909B000961B3 = {
			isa = PBXGroup;
			children = (
				CEA453E529E1250000699A26 /* libext2fs */,
				6ABB369029DE909C000961B3 /* e2fsmac */,
				CE7C9C9D29DFD33F00302FB1 /* mount_ext2 */,
				6ABB368F29DE909C000961B3 /* Products */,
			);
			sourceTree = "<group>";
		};
		6ABB368F29DE909C000961B3 /* Products */ = {
			isa = PBXGroup;
			children = (
				6ABB368E29DE909C000961B3 /* e2fsmac.kext */,
				CE7C9C9C29DFD33E00302FB1 /* mount_ext2 */,
			);
			name = Products;
			sourceTree = "<group>";
		};
		6ABB369029DE909C000961B3 /* e2fsmac */ = {
			isa = PBXGroup;
			children = (
				6ABB369129DE909C000961B3 /* init.c */,
				6ABB36B229DE9A4C000961B3 /* e2fsmac.h */,
				6ABB36B429DF0EB2000961B3 /* malloc.c */,
				6ABB378529DF38B7000961B3 /* vfsops.c */,
				6ABB378729DF458B000961B3 /* vnops.c */,
				6ABB369329DE909C000961B3 /* Info.plist */,
				CE7C9CA329DFD4E800302FB1 /* ext2_args.h */,
			);
			path = e2fsmac;
			sourceTree = "<group>";
		};
		CE7C9C9D29DFD33F00302FB1 /* mount_ext2 */ = {
			isa = PBXGroup;
			children = (
				CE7C9C9E29DFD33F00302FB1 /* main.c */,
			);
			path = mount_ext2;
			sourceTree = "<group>";
		};
		CEA453E529E1250000699A26 /* libext2fs */ = {
			isa = PBXGroup;
			children = (
				CEA453EE29E1255200699A26 /* bitops.h */,
				CEA453ED29E1255200699A26 /* com_err.h */,
				CEA453E729E1255100699A26 /* config.h */,
				CEA453EF29E1255200699A26 /* dirpaths.h */,
				CEA453EA29E1255200699A26 /* ext2_err.h */,
				CEA453E629E1255100699A26 /* ext2_ext_attr.h */,
				CEA453F029E1255300699A26 /* ext2_fs.h */,
				CEA453E929E1255100699A26 /* ext2_io.h */,
				CEA453EB29E1255200699A26 /* ext2_types.h */,
				CEA453F229E1255300699A26 /* ext2fs.h */,
				CEA453F129E1255300699A26 /* ext2fsP.h */,
				CEA453EC29E1255200699A26 /* ext3_extents.h */,
				CEA453E829E1255100699A26 /* hashmap.h */,
			);
			path = libext2fs;
			sourceTree = "<group>";
		};
/* End PBXGroup section */

/* Begin PBXHeadersBuildPhase section */
		6ABB368929DE909C000961B3 /* Headers */ = {
			isa = PBXHeadersBuildPhase;
			buildActionMask = 2147483647;
			files = (
				CEA453FD29E1255300699A26 /* ext2_fs.h in Headers */,
				CEA453F529E1255300699A26 /* hashmap.h in Headers */,
				CEA453FF29E1255300699A26 /* ext2fs.h in Headers */,
				CEA453F829E1255300699A26 /* ext2_types.h in Headers */,
				CEA453F729E1255300699A26 /* ext2_err.h in Headers */,
				CEA453F629E1255300699A26 /* ext2_io.h in Headers */,
				CEA453FE29E1255300699A26 /* ext2fsP.h in Headers */,
				CEA453F429E1255300699A26 /* config.h in Headers */,
				6ABB36B329DE9A4C000961B3 /* e2fsmac.h in Headers */,
				CEA453F929E1255300699A26 /* ext3_extents.h in Headers */,
				CEA453FC29E1255300699A26 /* dirpaths.h in Headers */,
				CEA453FB29E1255300699A26 /* bitops.h in Headers */,
				CE7C9CA429DFD4E800302FB1 /* ext2_args.h in Headers */,
				CEA453FA29E1255300699A26 /* com_err.h in Headers */,
				CEA453F329E1255300699A26 /* ext2_ext_attr.h in Headers */,
			);
			runOnlyForDeploymentPostprocessing = 0;
		};
/* End PBXHeadersBuildPhase section */

/* Begin PBXNativeTarget section */
		6ABB368D29DE909C000961B3 /* e2fsmac */ = {
			isa = PBXNativeTarget;
			buildConfigurationList = 6ABB369629DE909C000961B3 /* Build configuration list for PBXNativeTarget "e2fsmac" */;
			buildPhases = (
				6ABB368929DE909C000961B3 /* Headers */,
				6ABB368A29DE909C000961B3 /* Sources */,
				6ABB368B29DE909C000961B3 /* Frameworks */,
				6ABB368C29DE909C000961B3 /* Resources */,
			);
			buildRules = (
			);
			dependencies = (
			);
			name = e2fsmac;
			productName = e2fsmac;
			productReference = 6ABB368E29DE909C000961B3 /* e2fsmac.kext */;
			productType = "com.apple.product-type.kernel-extension";
		};
		CE7C9C9B29DFD33E00302FB1 /* mount_ext2 */ = {
			isa = PBXNativeTarget;
			buildConfigurationList = CE7C9CA029DFD33F00302FB1 /* Build configuration list for PBXNativeTarget "mount_ext2" */;
			buildPhases = (
				CE7C9C9829DFD33E00302FB1 /* Sources */,
				CE7C9C9929DFD33E00302FB1 /* Frameworks */,
				CE7C9C9A29DFD33E00302FB1 /* CopyFiles */,
			);
			buildRules = (
			);
			dependencies = (
			);
			name = mount_ext2;
			productName = mount_ext2;
			productReference = CE7C9C9C29DFD33E00302FB1 /* mount_ext2 */;
			productType = "com.apple.product-type.tool";
		};
/* End PBXNativeTarget section */

/* Begin PBXProject section */
		6ABB368529DE909B000961B3 /* Project object */ = {
			isa = PBXProject;
			attributes = {
				BuildIndependentTargetsInParallel = 1;
				LastUpgradeCheck = 1320;
				TargetAttributes = {
					6ABB368D29DE909C000961B3 = {
						CreatedOnToolsVersion = 13.2.1;
					};
					CE7C9C9B29DFD33E00302FB1 = {
						CreatedOnToolsVersion = 14.3;
					};
				};
			};
			buildConfigurationList = 6ABB368829DE909B000961B3 /* Build configuration list for PBXProject "e2fsmac" */;
			compatibilityVersion = "Xcode 13.0";
			developmentRegion = en;
			hasScannedForEncodings = 0;
			knownRegions = (
				en,
				Base,
			);
			mainGroup = 6ABB368429DE909B000961B3;
			productRefGroup = 6ABB368F29DE909C000961B3 /* Products */;
			projectDirPath = "";
			projectRoot = "";
			targets = (
				6ABB368D29DE909C000961B3 /* e2fsmac */,
				CE7C9C9B29DFD33E00302FB1 /* mount_ext2 */,
			);
		};
/* End PBXProject section */

/* Begin PBXResourcesBuildPhase section */
		6ABB368C29DE909C000961B3 /* Resources */ = {
			isa = PBXResourcesBuildPhase;
			buildActionMask = 2147483647;
			files = (
			);
			runOnlyForDeploymentPostprocessing = 0;
		};
/* End PBXResourcesBuildPhase section */

/* Begin PBXSourcesBuildPhase section */
		6ABB368A29DE909C000961B3 /* Sources */ = {
			isa = PBXSourcesBuildPhase;
			buildActionMask = 2147483647;
			files = (
				6ABB369229DE909C000961B3 /* init.c in Sources */,
				6ABB36B529DF0EB2000961B3 /* malloc.c in Sources */,
				6ABB378829DF458B000961B3 /* vnops.c in Sources */,
				6ABB378629DF38B7000961B3 /* vfsops.c in Sources */,
			);
			runOnlyForDeploymentPostprocessing = 0;
		};
		CE7C9C9829DFD33E00302FB1 /* Sources */ = {
			isa = PBXSourcesBuildPhase;
			buildActionMask = 2147483647;
			files = (
				CE7C9C9F29DFD33F00302FB1 /* main.c in Sources */,
			);
			runOnlyForDeploymentPostprocessing = 0;
		};
/* End PBXSourcesBuildPhase section */

/* Begin XCBuildConfiguration section */
		6ABB369429DE909C000961B3 /* Debug */ = {
			isa = XCBuildConfiguration;
			buildSettings = {
				ALWAYS_SEARCH_USER_PATHS = NO;
				CLANG_ANALYZER_NONNULL = YES;
				CLANG_ANALYZER_NUMBER_OBJECT_CONVERSION = YES_AGGRESSIVE;
				CLANG_CXX_LANGUAGE_STANDARD = "gnu++17";
				CLANG_CXX_LIBRARY = "libc++";
				CLANG_ENABLE_MODULES = YES;
				CLANG_ENABLE_OBJC_ARC = YES;
				CLANG_ENABLE_OBJC_WEAK = YES;
				CLANG_WARN_BLOCK_CAPTURE_AUTORELEASING = YES;
				CLANG_WARN_BOOL_CONVERSION = YES;
				CLANG_WARN_COMMA = YES;
				CLANG_WARN_CONSTANT_CONVERSION = YES;
				CLANG_WARN_DEPRECATED_OBJC_IMPLEMENTATIONS = YES;
				CLANG_WARN_DIRECT_OBJC_ISA_USAGE = YES_ERROR;
				CLANG_WARN_DOCUMENTATION_COMMENTS = YES;
				CLANG_WARN_EMPTY_BODY = YES;
				CLANG_WARN_ENUM_CONVERSION = YES;
				CLANG_WARN_INFINITE_RECURSION = YES;
				CLANG_WARN_INT_CONVERSION = YES;
				CLANG_WARN_NON_LITERAL_NULL_CONVERSION = YES;
				CLANG_WARN_OBJC_IMPLICIT_RETAIN_SELF = YES;
				CLANG_WARN_OBJC_LITERAL_CONVERSION = YES;
				CLANG_WARN_OBJC_ROOT_CLASS = YES_ERROR;
				CLANG_WARN_QUOTED_INCLUDE_IN_FRAMEWORK_HEADER = YES;
				CLANG_WARN_RANGE_LOOP_ANALYSIS = YES;
				CLANG_WARN_STRICT_PROTOTYPES = YES;
				CLANG_WARN_SUSPICIOUS_MOVE = YES;
				CLANG_WARN_UNGUARDED_AVAILABILITY = YES_AGGRESSIVE;
				CLANG_WARN_UNREACHABLE_CODE = YES;
				CLANG_WARN__DUPLICATE_METHOD_MATCH = YES;
				COPY_PHASE_STRIP = NO;
				DEBUG_INFORMATION_FORMAT = dwarf;
				ENABLE_STRICT_OBJC_MSGSEND = YES;
				ENABLE_TESTABILITY = YES;
				GCC_C_LANGUAGE_STANDARD = gnu11;
				GCC_DYNAMIC_NO_PIC = NO;
				GCC_NO_COMMON_BLOCKS = YES;
				GCC_OPTIMIZATION_LEVEL = 0;
				GCC_PREPROCESSOR_DEFINITIONS = (
					"DEBUG=1",
					"$(inherited)",
				);
				GCC_WARN_64_TO_32_BIT_CONVERSION = YES;
				GCC_WARN_ABOUT_RETURN_TYPE = YES_ERROR;
				GCC_WARN_UNDECLARED_SELECTOR = YES;
				GCC_WARN_UNINITIALIZED_AUTOS = YES_AGGRESSIVE;
				GCC_WARN_UNUSED_FUNCTION = YES;
				GCC_WARN_UNUSED_VARIABLE = YES;
				MACOSX_DEPLOYMENT_TARGET = 13.3;
				MTL_ENABLE_DEBUG_INFO = INCLUDE_SOURCE;
				MTL_FAST_MATH = YES;
				ONLY_ACTIVE_ARCH = YES;
				SDKROOT = macosx;
			};
			name = Debug;
		};
		6ABB369529DE909C000961B3 /* Release */ = {
			isa = XCBuildConfiguration;
			buildSettings = {
				ALWAYS_SEARCH_USER_PATHS = NO;
				CLANG_ANALYZER_NONNULL = YES;
				CLANG_ANALYZER_NUMBER_OBJECT_CONVERSION = YES_AGGRESSIVE;
				CLANG_CXX_LANGUAGE_STANDARD = "gnu++17";
				CLANG_CXX_LIBRARY = "libc++";
				CLANG_ENABLE_MODULES = YES;
				CLANG_ENABLE_OBJC_ARC = YES;
				CLANG_ENABLE_OBJC_WEAK = YES;
				CLANG_WARN_BLOCK_CAPTURE_AUTORELEASING = YES;
				CLANG_WARN_BOOL_CONVERSION = YES;
				CLANG_WARN_COMMA = YES;
				CLANG_WARN_CONSTANT_CONVERSION = YES;
				CLANG_WARN_DEPRECATED_OBJC_IMPLEMENTATIONS = YES;
				CLANG_WARN_DIRECT_OBJC_ISA_USAGE = YES_ERROR;
				CLANG_WARN_DOCUMENTATION_COMMENTS = YES;
				CLANG_WARN_EMPTY_BODY = YES;
				CLANG_WARN_ENUM_CONVERSION = YES;
				CLANG_WARN_INFINITE_RECURSION = YES;
				CLANG_WARN_INT_CONVERSION = YES;
				CLANG_WARN_NON_LITERAL_NULL_CONVERSION = YES;
				CLANG_WARN_OBJC_IMPLICIT_RETAIN_SELF = YES;
				CLANG_WARN_OBJC_LITERAL_CONVERSION = YES;
				CLANG_WARN_OBJC_ROOT_CLASS = YES_ERROR;
				CLANG_WARN_QUOTED_INCLUDE_IN_FRAMEWORK_HEADER = YES;
				CLANG_WARN_RANGE_LOOP_ANALYSIS = YES;
				CLANG_WARN_STRICT_PROTOTYPES = YES;
				CLANG_WARN_SUSPICIOUS_MOVE = YES;
				CLANG_WARN_UNGUARDED_AVAILABILITY = YES_AGGRESSIVE;
				CLANG_WARN_UNREACHABLE_CODE = YES;
				CLANG_WARN__DUPLICATE_METHOD_MATCH = YES;
				COPY_PHASE_STRIP = NO;
				DEBUG_INFORMATION_FORMAT = "dwarf-with-dsym";
				ENABLE_NS_ASSERTIONS = NO;
				ENABLE_STRICT_OBJC_MSGSEND = YES;
				GCC_C_LANGUAGE_STANDARD = gnu11;
				GCC_NO_COMMON_BLOCKS = YES;
				GCC_WARN_64_TO_32_BIT_CONVERSION = YES;
				GCC_WARN_ABOUT_RETURN_TYPE = YES_ERROR;
				GCC_WARN_UNDECLARED_SELECTOR = YES;
				GCC_WARN_UNINITIALIZED_AUTOS = YES_AGGRESSIVE;
				GCC_WARN_UNUSED_FUNCTION = YES;
				GCC_WARN_UNUSED_VARIABLE = YES;
				MACOSX_DEPLOYMENT_TARGET = 13.3;
				MTL_ENABLE_DEBUG_INFO = NO;
				MTL_FAST_MATH = YES;
				SDKROOT = macosx;
			};
			name = Release;
		};
		6ABB369729DE909C000961B3 /* Debug */ = {
			isa = XCBuildConfiguration;
			buildSettings = {
				CLANG_WARN_QUOTED_INCLUDE_IN_FRAMEWORK_HEADER = NO;
				"CODE_SIGN_IDENTITY[sdk=macosx*]" = "-";
				CODE_SIGN_STYLE = Automatic;
				CURRENT_PROJECT_VERSION = 1;
				DEVELOPMENT_TEAM = "";
				GENERATE_INFOPLIST_FILE = YES;
				HEADER_SEARCH_PATHS = "";
				INFOPLIST_FILE = e2fsmac/Info.plist;
				INFOPLIST_KEY_NSHumanReadableCopyright = "GNU General Public License version 3.0 or later";
				MACOSX_DEPLOYMENT_TARGET = 13.3;
				MARKETING_VERSION = 1.0;
				MODULE_NAME = com.github.xnscdev.e2fsmac;
				MODULE_START = e2fsmac_start;
				MODULE_STOP = e2fsmac_stop;
				MODULE_VERSION = 1.0.0d1;
				PRODUCT_BUNDLE_IDENTIFIER = com.github.xnscdev.e2fsmac;
				PRODUCT_NAME = "$(TARGET_NAME)";
				RUN_CLANG_STATIC_ANALYZER = YES;
				SWIFT_EMIT_LOC_STRINGS = YES;
				WRAPPER_EXTENSION = kext;
			};
			name = Debug;
		};
		6ABB369829DE909C000961B3 /* Release */ = {
			isa = XCBuildConfiguration;
			buildSettings = {
				CLANG_WARN_QUOTED_INCLUDE_IN_FRAMEWORK_HEADER = NO;
				"CODE_SIGN_IDENTITY[sdk=macosx*]" = "-";
				CODE_SIGN_STYLE = Automatic;
				CURRENT_PROJECT_VERSION = 1;
				DEVELOPMENT_TEAM = "";
				GENERATE_INFOPLIST_FILE = YES;
				HEADER_SEARCH_PATHS = "";
				INFOPLIST_FILE = e2fsmac/Info.plist;
				INFOPLIST_KEY_NSHumanReadableCopyright = "GNU General Public License version 3.0 or later";
				MACOSX_DEPLOYMENT_TARGET = 13.3;
				MARKETING_VERSION = 1.0;
				MODULE_NAME = com.github.xnscdev.e2fsmac;
				MODULE_START = e2fsmac_start;
				MODULE_STOP = e2fsmac_stop;
				MODULE_VERSION = 1.0.0d1;
				PRODUCT_BUNDLE_IDENTIFIER = com.github.xnscdev.e2fsmac;
				PRODUCT_NAME = "$(TARGET_NAME)";
				RUN_CLANG_STATIC_ANALYZER = YES;
				SWIFT_EMIT_LOC_STRINGS = YES;
				WRAPPER_EXTENSION = kext;
			};
			name = Release;
		};
		CE7C9CA129DFD33F00302FB1 /* Debug */ = {
			isa = XCBuildConfiguration;
			buildSettings = {
				CLANG_CXX_LANGUAGE_STANDARD = "gnu++20";
				CODE_SIGN_STYLE = Automatic;
				MACOSX_DEPLOYMENT_TARGET = 13.3;
				PRODUCT_NAME = "$(TARGET_NAME)";
			};
			name = Debug;
		};
		CE7C9CA229DFD33F00302FB1 /* Release */ = {
			isa = XCBuildConfiguration;
			buildSettings = {
				CLANG_CXX_LANGUAGE_STANDARD = "gnu++20";
				CODE_SIGN_STYLE = Automatic;
				MACOSX_DEPLOYMENT_TARGET = 13.3;
				PRODUCT_NAME = "$(TARGET_NAME)";
			};
			name = Release;
		};
/* End XCBuildConfiguration section */

/* Begin XCConfigurationList section */
		6ABB368829DE909B000961B3 /* Build configuration list for PBXProject "e2fsmac" */ = {
			isa = XCConfigurationList;
			buildConfigurations = (
				6ABB369429DE909C000961B3 /* Debug */,
				6ABB369529DE909C000961B3 /* Release */,
			);
			defaultConfigurationIsVisible = 0;
			defaultConfigurationName = Debug;
		};
		6ABB369629DE909C000961B3 /* Build configuration list for PBXNativeTarget "e2fsmac" */ = {
			isa = XCConfigurationList;
			buildConfigurations = (
				6ABB369729DE909C000961B3 /* Debug */,
				6ABB369829DE909C000961B3 /* Release */,
			);
			defaultConfigurationIsVisible = 0;
			defaultConfigurationName = Debug;
		};
		CE7C9CA029DFD33F00302FB1 /* Build configuration list for PBXNativeTarget "mount_ext2" */ = {
			isa = XCConfigurationList;
			buildConfigurations = (
				CE7C9CA129DFD33F00302FB1 /* Debug */,
				CE7C9CA229DFD33F00302FB1 /* Release */,
			);
			defaultConfigurationIsVisible = 0;
			defaultConfigurationName = Debug;
		};
/* End XCConfigurationList section */
	};
	rootObject = 6ABB368529DE909B000961B3 /* Project object */;
}
